{
  "name": "Frontend",
  "lockfileVersion": 3,
  "requires": true,
  "packages": {
    "": {
      "dependencies": {
        "pnpm": "^9.7.1"
      }
    },
    "node_modules/pnpm": {
      "version": "9.7.1",
      "resolved": "https://registry.npmjs.org/pnpm/-/pnpm-9.7.1.tgz",
      "integrity": "sha512-+vNEry1splxMXIwiJOp3qBpeiFnLxOBrFRHdzi8BUVEkMd0Z5q/zHyxqj18qztm9InPh/tfdTeGGiYQFnSxCRw==",
      "bin": {
        "pnpm": "bin/pnpm.cjs",
        "pnpx": "bin/pnpx.cjs"
      },
      "engines": {
        "node": ">=18.12"
      },
      "funding": {
        "url": "https://opencollective.com/pnpm"
      }
    }
  }
}
